{
  "name": "audiostream",
  "lockfileVersion": 3,
  "requires": true,
  "packages": {
    "": {
      "devDependencies": {
        "@types/webtorrent": "^0.109.3"
      }
    },
    "node_modules/@types/bittorrent-protocol": {
      "version": "3.1.2",
      "resolved": "https://registry.npmjs.org/@types/bittorrent-protocol/-/bittorrent-protocol-3.1.2.tgz",
      "integrity": "sha512-7k9nivNeG7Sc8wVuBs+XjBp2u7pH8tqW3BB93/SAg3xht/cZEK+Rqkj79xSyJqyj86eA0F6n85EKkkyGki8afg==",
      "dev": true,
      "dependencies": {
        "@types/node": "*"
      }
    },
    "node_modules/@types/magnet-uri": {
      "version": "5.1.3",
      "resolved": "https://registry.npmjs.org/@types/magnet-uri/-/magnet-uri-5.1.3.tgz",
      "integrity": "sha512-FvJN1yYdLhvU6zWJ2YnWQ2GnpFLsA8bt+85WY0tLh6ehzGNrvBorjlcc53/zY43r/IKn+ctFs1nt7andwGnQCQ==",
      "dev": true,
      "dependencies": {
        "@types/node": "*"
      }
    },
    "node_modules/@types/node": {
      "version": "18.11.18",
      "resolved": "https://registry.npmjs.org/@types/node/-/node-18.11.18.tgz",
      "integrity": "sha512-DHQpWGjyQKSHj3ebjFI/wRKcqQcdR+MoFBygntYOZytCqNfkd2ZC4ARDJ2DQqhjH5p85Nnd3jhUJIXrszFX/JA==",
      "dev": true
    },
    "node_modules/@types/parse-torrent": {
      "version": "5.8.4",
      "resolved": "https://registry.npmjs.org/@types/parse-torrent/-/parse-torrent-5.8.4.tgz",
      "integrity": "sha512-FdKs5yN5iYO5Cu9gVz1Zl30CbZe6HTsqloWmCf+LfbImgSzlsUkov2+npQWCQSQ3zi/a2G5C824K0UpZ2sRufA==",
      "dev": true,
      "dependencies": {
        "@types/magnet-uri": "*",
        "@types/node": "*",
        "@types/parse-torrent-file": "*"
      }
    },
    "node_modules/@types/parse-torrent-file": {
      "version": "4.0.3",
      "resolved": "https://registry.npmjs.org/@types/parse-torrent-file/-/parse-torrent-file-4.0.3.tgz",
      "integrity": "sha512-dFkPnJPKiFWiGX+HXmyTVt2js3k0d9dThmUxX8nfGC22hbyZ5BTmetsEl45sQhHLcFo43njVrIKMXM3F1ahXRw==",
      "dev": true,
      "dependencies": {
        "@types/node": "*"
      }
    },
    "node_modules/@types/simple-peer": {
      "version": "9.11.5",
      "resolved": "https://registry.npmjs.org/@types/simple-peer/-/simple-peer-9.11.5.tgz",
      "integrity": "sha512-haXgWcAa3Y3Sn+T8lzkE4ErQUpYzhW6Cz2lh00RhQTyWt+xZ3s87wJPztUxlqSdFRqGhe2MQIBd0XsyHP3No4w==",
      "dev": true,
      "dependencies": {
        "@types/node": "*"
      }
    },
    "node_modules/@types/webtorrent": {
      "version": "0.109.3",
      "resolved": "https://registry.npmjs.org/@types/webtorrent/-/webtorrent-0.109.3.tgz",
      "integrity": "sha512-EJLsxMEcEjPXHcBqL6TRAbUwIpxAul5ULrXHJ0zwig7Oe70FS6dAzCWLq4MBafX3QrQG1DzGAS0fS8iJEOjD0g==",
      "dev": true,
      "dependencies": {
        "@types/bittorrent-protocol": "*",
        "@types/node": "*",
        "@types/parse-torrent": "*",
        "@types/simple-peer": "*"
      }
    }
  }
}
